
Microsoft Visual Studio Solution File, Format Version 12.00
# Visual Studio Version 16
VisualStudioVersion = 16.0.33130.400
MinimumVisualStudioVersion = 10.0.40219.1
Project("{FAE04EC0-301F-11D3-BF4B-00C04F79EFBC}") = "Rental_Service_of_Home_Appliance", "Rental_Service_of_Home_Appliance\Rental_Service_of_Home_Appliance.csproj", "{BAC266B7-ECA9-4FAD-A56B-3D5FC23D6131}"
EndProject
Global
	GlobalSection(SolutionConfigurationPlatforms) = preSolution
		Debug|Any CPU = Debug|Any CPU
		Release|Any CPU = Release|Any CPU
	EndGlobalSection
	GlobalSection(ProjectConfigurationPlatforms) = postSolution
		{BAC266B7-ECA9-4FAD-A56B-3D5FC23D6131}.Debug|Any CPU.ActiveCfg = Debug|Any CPU
		{BAC266B7-ECA9-4FAD-A56B-3D5FC23D6131}.Debug|Any CPU.Build.0 = Debug|Any CPU
		{BAC266B7-ECA9-4FAD-A56B-3D5FC23D6131}.Release|Any CPU.ActiveCfg = Release|Any CPU
		{BAC266B7-ECA9-4FAD-A56B-3D5FC23D6131}.Release|Any CPU.Build.0 = Release|Any CPU
	EndGlobalSection
	GlobalSection(SolutionProperties) = preSolution
		HideSolutionNode = FALSE
	EndGlobalSection
	GlobalSection(ExtensibilityGlobals) = postSolution
		SolutionGuid = {97ED7FD9-A203-4747-9A99-DE2594B584AD}
	EndGlobalSection
EndGlobal
